PODS:
  - AFNetworking (2.0.3):
    - AFNetworking/NSURLConnection
    - AFNetworking/NSURLSession
    - AFNetworking/Reachability
    - AFNetworking/Security
    - AFNetworking/Serialization
    - AFNetworking/UIKit
  - AFNetworking/NSURLConnection (2.0.3):
    - AFNetworking/Reachability
    - AFNetworking/Security
    - AFNetworking/Serialization
  - AFNetworking/NSURLSession (2.0.3):
    - AFNetworking/NSURLConnection
  - AFNetworking/Reachability (2.0.3)
  - AFNetworking/Security (2.0.3)
  - AFNetworking/Serialization (2.0.3)
  - AFNetworking/UIKit (2.0.3):
    - AFNetworking/NSURLConnection
  - Facebook-iOS-SDK (3.11.1)
  - GoogleAnalytics-iOS-SDK (3.0.6)
  - iRate (1.8.3)
  - JHAccordion (0.1.0)
  - JHAutoCompleteTextField (0.1.0)
  - JHSidebar (0.1.1)
  - JSONAPI (0.1.2)
  - MBProgressHUD (0.8)
  - Mixpanel (2.3.4)
  - Promises (0.1.0)
  - Raven (0.3.0)
  - Reveal-iOS-SDK (1.0.3)
  - STTwitter (0.0.9)
  - TTTAttributedLabel (1.8.1)

DEPENDENCIES:
  - AFNetworking (~> 2.0.3)
  - Facebook-iOS-SDK (~> 3.11.0)
  - GoogleAnalytics-iOS-SDK (~> 3.0.0)
  - iRate (~> 1.8.0)
  - JHAccordion (from `https://github.com/joshdholtz/JHAccordion.git`)
  - JHAutoCompleteTextField (from `http://github.com/joshdholtz/JHAutoCompleteTextField.git`)
  - JHSidebar (from `https://github.com/joshdholtz/JHSidebar.git`)
  - JSONAPI (from `http://github.com/joshdholtz/jsonapi-ios.git`)
  - MBProgressHUD (~> 0.8.0)
  - Mixpanel (~> 2.3.0)
  - Promises (from `http://github.com/joshdholtz/ios-promises.git`)
  - Raven (~> 0.3.0)
  - Reveal-iOS-SDK
  - STTwitter (~> 0.0.7)
  - TTTAttributedLabel (~> 1.8.1)

EXTERNAL SOURCES:
  JHAccordion:
    :git: https://github.com/joshdholtz/JHAccordion.git
  JHAutoCompleteTextField:
    :git: http://github.com/joshdholtz/JHAutoCompleteTextField.git
  JHSidebar:
    :git: https://github.com/joshdholtz/JHSidebar.git
  JSONAPI:
    :git: http://github.com/joshdholtz/jsonapi-ios.git
  Promises:
    :git: http://github.com/joshdholtz/ios-promises.git

SPEC CHECKSUMS:
  AFNetworking: e499052cbf3d743e9bb727bb37adb9dc2547ba15
  Facebook-iOS-SDK: 1f753fe932c2602359114a662cd9abdc2dba48f3
  GoogleAnalytics-iOS-SDK: 16dfcc0c4491148bf372edc85a8470cc405ffb72
  iRate: 7820b59656e8ebcb09aadc0d2f710d939c15fbe4
  JHAccordion: 4f0337990465b25f8de5ed304609fa9362281db0
  JHAutoCompleteTextField: 1ca69c82441d9b5bf474e10d36585247030f7594
  JHSidebar: 2efb4d14cc8bb0032c75218fd3ef7db70154c07e
  JSONAPI: b98efd0e5b8bb44984373524e2ac40ef7d5455a2
  MBProgressHUD: 2bbc6f470111daf7f3eaa4eb12b8cbf01c4c0622
  Mixpanel: 16e6f1d5f8aeb9282ee864e169557de0bd9549df
  Promises: f92c1068dfb1fe8501f6059c0e05edbf655f8665
  Raven: 875718158645e945cf991c1ca80b41cd2ef82fd9
  Reveal-iOS-SDK: 8e6a6f22a9520437e4a180fe1d4e99f43b75430e
  STTwitter: f155851b9b4d1a544740c2f4ae64918cd42235e2
  TTTAttributedLabel: 3a571d73e055f4a79c304240598e4bfd199238e4

COCOAPODS: 0.32.1
