PODS:
  - AFNetworking (2.0.3):
    - AFNetworking/NSURLConnection
    - AFNetworking/NSURLSession
    - AFNetworking/Reachability
    - AFNetworking/Security
    - AFNetworking/Serialization
    - AFNetworking/UIKit
  - AFNetworking/NSURLConnection (2.0.3):
    - AFNetworking/Reachability
    - AFNetworking/Security
    - AFNetworking/Serialization
  - AFNetworking/NSURLSession (2.0.3):
    - AFNetworking/NSURLConnection
  - AFNetworking/Reachability (2.0.3)
  - AFNetworking/Security (2.0.3)
  - AFNetworking/Serialization (2.0.3)
  - AFNetworking/UIKit (2.0.3):
    - AFNetworking/NSURLConnection
  - BitlyForiOS (0.0.3):
    - AFNetworking (~> 2.0)
  - Bolts (1.1.0)
  - CRGradientNavigationBar (0.3.2)
  - Facebook-iOS-SDK (3.14.1):
    - Bolts
  - GoogleAnalytics-iOS-SDK (3.0.7)
  - iRate (1.8.3)
  - JHAutoCompleteTextField (0.1.0)
  - JHSidebar (0.1.1)
  - JSONAPI (0.1.2)
  - MBProgressHUD (0.8)
  - Mixpanel (2.3.6)
  - Parse-iOS-SDK (1.2.19):
    - Facebook-iOS-SDK (~> 3.7)
  - PhotoZoom (0.0.2)
  - Promises (0.1.0)
  - Raven (0.2.0)
  - Reveal-iOS-SDK (1.0.4)
  - STTwitter (0.0.9)
  - TTTAttributedLabel (1.9.5)
  - UIView-Autolayout (0.2.0)

DEPENDENCIES:
  - AFNetworking (~> 2.0.0)
  - BitlyForiOS (from `https://github.com/brennanMKE/BitlyForiOS.git`, tag `0.0.3`)
  - CRGradientNavigationBar (~> 0.3.0)
  - Facebook-iOS-SDK (~> 3.0)
  - GoogleAnalytics-iOS-SDK (~> 3.0.0)
  - iRate (~> 1.8.0)
  - JHAutoCompleteTextField (from `http://github.com/joshdholtz/JHAutoCompleteTextField.git`)
  - JHSidebar (from `https://github.com/joshdholtz/JHSidebar.git`)
  - JSONAPI (from `http://github.com/joshdholtz/jsonapi-ios.git`)
  - MBProgressHUD (~> 0.8.0)
  - Mixpanel (~> 2.3.0)
  - Parse-iOS-SDK (~> 1.2.19)
  - PhotoZoom (from `https://github.com/brennanMKE/PhotoZoom.git`, tag `0.0.2`)
  - Promises (from `http://github.com/joshdholtz/ios-promises.git`)
  - Raven (~> 0.2.0)
  - Reveal-iOS-SDK
  - STTwitter (~> 0.0.7)
  - TTTAttributedLabel (~> 1.9.0)
  - UIView-Autolayout (~> 0.2.0)

EXTERNAL SOURCES:
  BitlyForiOS:
    :git: https://github.com/brennanMKE/BitlyForiOS.git
    :tag: 0.0.3
  JHAutoCompleteTextField:
    :git: http://github.com/joshdholtz/JHAutoCompleteTextField.git
  JHSidebar:
    :git: https://github.com/joshdholtz/JHSidebar.git
  JSONAPI:
    :git: http://github.com/joshdholtz/jsonapi-ios.git
  PhotoZoom:
    :git: https://github.com/brennanMKE/PhotoZoom.git
    :tag: 0.0.2
  Promises:
    :git: http://github.com/joshdholtz/ios-promises.git

SPEC CHECKSUMS:
  AFNetworking: a4d0e9a64de9242986620dafd1b3cee3b413ac5c
  BitlyForiOS: c6eb9b297cb503757a616fc201b3362fb857e8b4
  Bolts: dc620a31cf67c29bce3e3d14a07a12e797a1a154
  CRGradientNavigationBar: dc3ffb640685b43c27f096e7d466e80f9fa887fe
  Facebook-iOS-SDK: 97e68fb37468bee2d90201fd0c9e4dccce5683d9
  GoogleAnalytics-iOS-SDK: 594702aaf93e6ee497140fd31e758c2e2fa44315
  iRate: 7820b59656e8ebcb09aadc0d2f710d939c15fbe4
  JHAutoCompleteTextField: 1ca69c82441d9b5bf474e10d36585247030f7594
  JHSidebar: 2efb4d14cc8bb0032c75218fd3ef7db70154c07e
  JSONAPI: b98efd0e5b8bb44984373524e2ac40ef7d5455a2
  MBProgressHUD: c356980b0cd097f19acec959b49dca5eb8ec31be
  Mixpanel: 9aba38257fc4d2777ab5db1afc55e22bdfd57a4a
  Parse-iOS-SDK: 5e1f7e649a02f1cc19e73cc95bd43d7778848314
  PhotoZoom: 9086ba88417c3c9acc115fbe6e5eb7a46b25dda3
  Promises: f92c1068dfb1fe8501f6059c0e05edbf655f8665
  Raven: e26260198babba5e09f31425ce88a21ee0532137
  Reveal-iOS-SDK: d3c8e109d42219daaa7a6e1ad2de34f0bdbb7a88
  STTwitter: bc2c74ffeeff6ead7b03cfec0c5d9e6be2d54e56
  TTTAttributedLabel: 9f727215d63a358f92317a24c83c94c72de78e80
  UIView-Autolayout: 7c05eb666738eba682f686c2da236578177e2ebb

COCOAPODS: 0.33.1
